{
  "nodes": {
    "kache": {
      "inputs": {
        "nixpkgs": [
          "nixpkgs"
        ],
        "rust-overlay": "rust-overlay",
        "treefmt-nix": "treefmt-nix"
      },
      "locked": {
        "lastModified": 1789472452,
        "narHash": "sha256-xthyoqmlIjd3zs+0o1pCYyS0w2vpJ/JQ7TbDfITnwLI=",
        "owner": "kunobi-ninja",
        "repo": "kache",
        "rev": "13e7dbea060a9335359d572b47cdb32e3769b031",
        "type": "github"
      },
      "original": {
        "owner": "kunobi-ninja",
        "repo": "kache",
        "type": "github"
      }
    },
    "nixpkgs": {
      "locked": {
        "lastModified": 1789006805,
        "narHash": "sha256-xB8mKMOx1IA9vTDNLmJZ6n4wCMq/cuWBBOzGCRnqxrU=",
        "owner": "NixOS",
        "repo": "nixpkgs",
        "rev": "8ce4ef6cb6f871616146b9fe26d2a5ae594e94fe",
        "type": "github"
      },
      "original": {
        "owner": "NixOS",
        "ref": "nixos-unstable",
        "repo": "nixpkgs",
        "type": "github"
      }
    },
    "root": {
      "inputs": {
        "kache": "kache",
        "nixpkgs": "nixpkgs"
      }
    },
    "rust-overlay": {
      "inputs": {
        "nixpkgs": [
          "kache",
          "nixpkgs"
        ]
      },
      "locked": {
        "lastModified": 1788248235,
        "narHash": "sha256-siCQqLbY7AbZ9V3oyc65K8bhNr7QgZTXoqLTws3pv0s=",
        "owner": "oxalica",
        "repo": "rust-overlay",
        "rev": "6a84c41e705533dcc5569ac0731f18406b4cdf86",
        "type": "github"
      },
      "original": {
        "owner": "oxalica",
        "repo": "rust-overlay",
        "type": "github"
      }
    },
    "treefmt-nix": {
      "inputs": {
        "nixpkgs": [
          "kache",
          "nixpkgs"
        ]
      },
      "locked": {
        "lastModified": 1784369104,
        "narHash": "sha256-47cxbcZODibHv3rELFQ9vZly0vUNkND/atn/U7HLeb0=",
        "owner": "numtide",
        "repo": "treefmt-nix",
        "rev": "df3c0640565d04a0261253cdd89fce78ec50168a",
        "type": "github"
      },
      "original": {
        "owner": "numtide",
        "repo": "treefmt-nix",
        "type": "github"
      }
    }
  },
  "root": "root",
  "version": 7
}
